
Microsoft Visual Studio Solution File, Format Version 12.00
# Visual Studio 14
VisualStudioVersion = 14.0.25420.1
MinimumVisualStudioVersion = 10.0.40219.1
Project("{FAE04EC0-301F-11D3-BF4B-00C04F79EFBC}") = "Social", "Social.csproj", "{D95A5F8E-C5BD-4BB5-8213-49AC873BEC99}"
EndProject
Project("{FAE04EC0-301F-11D3-BF4B-00C04F79EFBC}") = "SocialInit", "SocialInit\SocialInit.csproj", "{14082A66-3DF4-4A6E-9DA7-A0A36A813389}"
EndProject
Global
	GlobalSection(SolutionConfigurationPlatforms) = preSolution
		Debug|Any CPU = Debug|Any CPU
		Release|Any CPU = Release|Any CPU
	EndGlobalSection
	GlobalSection(ProjectConfigurationPlatforms) = postSolution
		{D95A5F8E-C5BD-4BB5-8213-49AC873BEC99}.Debug|Any CPU.ActiveCfg = Debug|Any CPU
		{D95A5F8E-C5BD-4BB5-8213-49AC873BEC99}.Debug|Any CPU.Build.0 = Debug|Any CPU
		{D95A5F8E-C5BD-4BB5-8213-49AC873BEC99}.Release|Any CPU.ActiveCfg = Release|Any CPU
		{D95A5F8E-C5BD-4BB5-8213-49AC873BEC99}.Release|Any CPU.Build.0 = Release|Any CPU
		{14082A66-3DF4-4A6E-9DA7-A0A36A813389}.Debug|Any CPU.ActiveCfg = Debug|Any CPU
		{14082A66-3DF4-4A6E-9DA7-A0A36A813389}.Debug|Any CPU.Build.0 = Debug|Any CPU
		{14082A66-3DF4-4A6E-9DA7-A0A36A813389}.Release|Any CPU.ActiveCfg = Release|Any CPU
		{14082A66-3DF4-4A6E-9DA7-A0A36A813389}.Release|Any CPU.Build.0 = Release|Any CPU
	EndGlobalSection
	GlobalSection(SolutionProperties) = preSolution
		HideSolutionNode = FALSE
	EndGlobalSection
EndGlobal
